PODS:
  - Alamofire (5.4.1)
  - Differentiator (4.0.1)
  - Kingfisher (6.2.1)
  - Moya (14.0.0):
    - Moya/Core (= 14.0.0)
  - Moya/Core (14.0.0):
    - Alamofire (~> 5.0)
  - Moya/ReactiveSwift (14.0.0):
    - Moya/Core
    - ReactiveSwift (~> 6.0)
  - Moya/RxSwift (14.0.0):
    - Moya/Core
    - RxSwift (~> 5.0)
  - ReactiveSwift (6.6.0)
  - Realm (10.7.2):
    - Realm/Headers (= 10.7.2)
  - Realm/Headers (10.7.2)
  - RealmSwift (10.7.2):
    - Realm (= 10.7.2)
  - Reusable (4.1.1):
    - Reusable/Storyboard (= 4.1.1)
    - Reusable/View (= 4.1.1)
  - Reusable/Storyboard (4.1.1)
  - Reusable/View (4.1.1)
  - RxCocoa (5.1.1):
    - RxRelay (~> 5)
    - RxSwift (~> 5)
  - RxDataSources (4.0.1):
    - Differentiator (~> 4.0)
    - RxCocoa (~> 5.0)
    - RxSwift (~> 5.0)
  - RxRelay (5.1.1):
    - RxSwift (~> 5)
  - RxSwift (5.1.2)
  - SwiftMessages (9.0.0):
    - SwiftMessages/App (= 9.0.0)
  - SwiftMessages/App (9.0.0)
  - Swinject (2.7.1)
  - SwinjectAutoregistration (2.7.0):
    - Swinject (~> 2.7)
  - SwinjectStoryboard (2.2.0):
    - Swinject (~> 2.7.1)

DEPENDENCIES:
  - Kingfisher
  - Moya (~> 14.0)
  - Moya/ReactiveSwift (~> 14.0)
  - Moya/RxSwift (~> 14.0)
  - RealmSwift
  - Reusable
  - RxCocoa (~> 5)
  - RxDataSources (~> 4.0)
  - RxSwift (~> 5)
  - SwiftMessages
  - Swinject (= 2.7.1)
  - SwinjectAutoregistration (= 2.7.0)
  - SwinjectStoryboard (from `https://github.com/Swinject/SwinjectStoryboard.git`, commit `0ca45c83a8aa398c153d8a036c95abb4343cfa0c`)

SPEC REPOS:
  trunk:
    - Alamofire
    - Differentiator
    - Kingfisher
    - Moya
    - ReactiveSwift
    - Realm
    - RealmSwift
    - Reusable
    - RxCocoa
    - RxDataSources
    - RxRelay
    - RxSwift
    - SwiftMessages
    - Swinject
    - SwinjectAutoregistration

EXTERNAL SOURCES:
  SwinjectStoryboard:
    :commit: 0ca45c83a8aa398c153d8a036c95abb4343cfa0c
    :git: https://github.com/Swinject/SwinjectStoryboard.git

CHECKOUT OPTIONS:
  SwinjectStoryboard:
    :commit: 0ca45c83a8aa398c153d8a036c95abb4343cfa0c
    :git: https://github.com/Swinject/SwinjectStoryboard.git

SPEC CHECKSUMS:
  Alamofire: 2291f7d21ca607c491dd17642e5d40fdcda0e65c
  Differentiator: 886080237d9f87f322641dedbc5be257061b0602
  Kingfisher: e71c6fac2aebb1262888cabc2cb13d313362a48f
  Moya: 5b45dacb75adb009f97fde91c204c1e565d31916
  ReactiveSwift: be9407e2aaf8a11e53a5229255693cffd9a63ccf
  Realm: e523da9ade306c5ae87e85dc09fdef148d3e1cc1
  RealmSwift: 4f6758c3adbdcc87f7b7777107226532a077f61c
  Reusable: 53a9acf5c536f229b31b5865782414b508252ddb
  RxCocoa: 32065309a38d29b5b0db858819b5bf9ef038b601
  RxDataSources: efee07fa4de48477eca0a4611e6d11e2da9c1114
  RxRelay: d77f7d771495f43c556cbc43eebd1bb54d01e8e9
  RxSwift: 1e2e1f9570186967f617e49128ed26ccf1bafc8e
  SwiftMessages: 55274ca3a239062398603008ed81924cfd1fe798
  Swinject: ddf78b8486dd9b71a667b852cad919ab4484478e
  SwinjectAutoregistration: 330f5012642a8b5c89a8a4adb0c5e52df07382c0
  SwinjectStoryboard: f0d5b1c16459949d6ff1cbb6610107946b18e1f8

PODFILE CHECKSUM: 87410aa3c9cb188a6e5b42ace592ec15ee4053cb

COCOAPODS: 1.10.1
